Microsoft Visual Studio Solution File, Format Version 12.00
# Visual Studio Version 17
VisualStudioVersion = 17.5.2.0
MinimumVisualStudioVersion = 10.0.40219.1
Project("{FAE04EC0-301F-11D3-BF4B-00C04F79EFBC}") = "InterviewPanelManagementTool.Domain", "InterviewPanelManagementTool.Domain.csproj", "{9B04AD5F-0DD1-20CA-77D0-3C89CC16E2E5}"
EndProject
Global
	GlobalSection(SolutionConfigurationPlatforms) = preSolution
		Debug|Any CPU = Debug|Any CPU
		Release|Any CPU = Release|Any CPU
	EndGlobalSection
	GlobalSection(ProjectConfigurationPlatforms) = postSolution
		{9B04AD5F-0DD1-20CA-77D0-3C89CC16E2E5}.Debug|Any CPU.ActiveCfg = Debug|Any CPU
		{9B04AD5F-0DD1-20CA-77D0-3C89CC16E2E5}.Debug|Any CPU.Build.0 = Debug|Any CPU
		{9B04AD5F-0DD1-20CA-77D0-3C89CC16E2E5}.Release|Any CPU.ActiveCfg = Release|Any CPU
		{9B04AD5F-0DD1-20CA-77D0-3C89CC16E2E5}.Release|Any CPU.Build.0 = Release|Any CPU
	EndGlobalSection
	GlobalSection(SolutionProperties) = preSolution
		HideSolutionNode = FALSE
	EndGlobalSection
	GlobalSection(ExtensibilityGlobals) = postSolution
		SolutionGuid = {3D98A662-1AE7-4B74-A7FE-773870F5F300}
	EndGlobalSection
EndGlobal
